
Microsoft Visual Studio Solution File, Format Version 12.00
# Visual Studio Version 17
VisualStudioVersion = 17.0.31903.59
MinimumVisualStudioVersion = 10.0.40219.1
Project("{FAE04EC0-301F-11D3-BF4B-00C04F79EFBC}") = "ShoppingCartAPI", "ShoppingCartAPI\ShoppingCartAPI.csproj", "{38D43F49-BF00-4CED-AE14-0255775FEE79}"
EndProject
Project("{FAE04EC0-301F-11D3-BF4B-00C04F79EFBC}") = "ShoppingCartLibrary", "ShoppingCartLibrary\ShoppingCartLibrary.csproj", "{16998BEE-5BE7-4423-8038-94E262F1814F}"
EndProject
Project("{FAE04EC0-301F-11D3-BF4B-00C04F79EFBC}") = "ShoppingCartTest", "ShoppingCartTest\ShoppingCartTest.csproj", "{43D01118-9B3B-441C-ACE9-1285533B6145}"
EndProject
Global
	GlobalSection(SolutionConfigurationPlatforms) = preSolution
		Debug|Any CPU = Debug|Any CPU
		Release|Any CPU = Release|Any CPU
	EndGlobalSection
	GlobalSection(SolutionProperties) = preSolution
		HideSolutionNode = FALSE
	EndGlobalSection
	GlobalSection(ProjectConfigurationPlatforms) = postSolution
		{38D43F49-BF00-4CED-AE14-0255775FEE79}.Debug|Any CPU.ActiveCfg = Debug|Any CPU
		{38D43F49-BF00-4CED-AE14-0255775FEE79}.Debug|Any CPU.Build.0 = Debug|Any CPU
		{38D43F49-BF00-4CED-AE14-0255775FEE79}.Release|Any CPU.ActiveCfg = Release|Any CPU
		{38D43F49-BF00-4CED-AE14-0255775FEE79}.Release|Any CPU.Build.0 = Release|Any CPU
		{16998BEE-5BE7-4423-8038-94E262F1814F}.Debug|Any CPU.ActiveCfg = Debug|Any CPU
		{16998BEE-5BE7-4423-8038-94E262F1814F}.Debug|Any CPU.Build.0 = Debug|Any CPU
		{16998BEE-5BE7-4423-8038-94E262F1814F}.Release|Any CPU.ActiveCfg = Release|Any CPU
		{16998BEE-5BE7-4423-8038-94E262F1814F}.Release|Any CPU.Build.0 = Release|Any CPU
		{43D01118-9B3B-441C-ACE9-1285533B6145}.Debug|Any CPU.ActiveCfg = Debug|Any CPU
		{43D01118-9B3B-441C-ACE9-1285533B6145}.Debug|Any CPU.Build.0 = Debug|Any CPU
		{43D01118-9B3B-441C-ACE9-1285533B6145}.Release|Any CPU.ActiveCfg = Release|Any CPU
		{43D01118-9B3B-441C-ACE9-1285533B6145}.Release|Any CPU.Build.0 = Release|Any CPU
	EndGlobalSection
EndGlobal
